
Microsoft Visual Studio Solution File, Format Version 12.00
# Visual Studio 15
VisualStudioVersion = 15.0.28307.489
MinimumVisualStudioVersion = 10.0.40219.1
Project("{FAE04EC0-301F-11D3-BF4B-00C04F79EFBC}") = "TransactionDataUpload.Data", "TransactionDataUpload.Data\TransactionDataUpload.Data.csproj", "{3707DB9F-5BB3-49F9-9ABC-0F4B6021F9C3}"
EndProject
Project("{FAE04EC0-301F-11D3-BF4B-00C04F79EFBC}") = "TransactionDataUpload.Web", "TransactionDataUpload.Web\TransactionDataUpload.Web.csproj", "{D0678848-05DD-4541-BAD9-1433D23B4F56}"
EndProject
Project("{FAE04EC0-301F-11D3-BF4B-00C04F79EFBC}") = "TransactionDataUpload.Domain", "TransactionDataUpload.Domain\TransactionDataUpload.Domain.csproj", "{8389CAC1-D3D3-4F49-BA64-404DA8FE783A}"
EndProject
Project("{FAE04EC0-301F-11D3-BF4B-00C04F79EFBC}") = "TransactionDataUpload.Models", "TransactionDataUpload.Models\TransactionDataUpload.Models.csproj", "{624F7C9F-3636-4D97-8C1F-8A3A65ED34A0}"
EndProject
Global
	GlobalSection(SolutionConfigurationPlatforms) = preSolution
		Debug|Any CPU = Debug|Any CPU
		Release|Any CPU = Release|Any CPU
	EndGlobalSection
	GlobalSection(ProjectConfigurationPlatforms) = postSolution
		{3707DB9F-5BB3-49F9-9ABC-0F4B6021F9C3}.Debug|Any CPU.ActiveCfg = Debug|Any CPU
		{3707DB9F-5BB3-49F9-9ABC-0F4B6021F9C3}.Debug|Any CPU.Build.0 = Debug|Any CPU
		{3707DB9F-5BB3-49F9-9ABC-0F4B6021F9C3}.Release|Any CPU.ActiveCfg = Release|Any CPU
		{3707DB9F-5BB3-49F9-9ABC-0F4B6021F9C3}.Release|Any CPU.Build.0 = Release|Any CPU
		{D0678848-05DD-4541-BAD9-1433D23B4F56}.Debug|Any CPU.ActiveCfg = Debug|Any CPU
		{D0678848-05DD-4541-BAD9-1433D23B4F56}.Debug|Any CPU.Build.0 = Debug|Any CPU
		{D0678848-05DD-4541-BAD9-1433D23B4F56}.Release|Any CPU.ActiveCfg = Release|Any CPU
		{D0678848-05DD-4541-BAD9-1433D23B4F56}.Release|Any CPU.Build.0 = Release|Any CPU
		{8389CAC1-D3D3-4F49-BA64-404DA8FE783A}.Debug|Any CPU.ActiveCfg = Debug|Any CPU
		{8389CAC1-D3D3-4F49-BA64-404DA8FE783A}.Debug|Any CPU.Build.0 = Debug|Any CPU
		{8389CAC1-D3D3-4F49-BA64-404DA8FE783A}.Release|Any CPU.ActiveCfg = Release|Any CPU
		{8389CAC1-D3D3-4F49-BA64-404DA8FE783A}.Release|Any CPU.Build.0 = Release|Any CPU
		{624F7C9F-3636-4D97-8C1F-8A3A65ED34A0}.Debug|Any CPU.ActiveCfg = Debug|Any CPU
		{624F7C9F-3636-4D97-8C1F-8A3A65ED34A0}.Debug|Any CPU.Build.0 = Debug|Any CPU
		{624F7C9F-3636-4D97-8C1F-8A3A65ED34A0}.Release|Any CPU.ActiveCfg = Release|Any CPU
		{624F7C9F-3636-4D97-8C1F-8A3A65ED34A0}.Release|Any CPU.Build.0 = Release|Any CPU
	EndGlobalSection
	GlobalSection(SolutionProperties) = preSolution
		HideSolutionNode = FALSE
	EndGlobalSection
	GlobalSection(ExtensibilityGlobals) = postSolution
		SolutionGuid = {0F43F26B-6343-4C54-97A6-504D0F2D7BFA}
	EndGlobalSection
EndGlobal
